<?xml version="1.0" encoding="utf-8"?>
<Project ToolsVersion="4.0" xmlns="http://schemas.microsoft.com/developer/msbuild/2003">
  <ItemGroup>
    <Filter Include="Generated Files">
      <UniqueIdentifier>{71ED8ED8-ACB9-4CE9-BBE1-E00B30144E11}</UniqueIdentifier>
      <Extensions>moc;h;cpp</Extensions>
      <SourceControlFiles>False</SourceControlFiles>
    </Filter>
    <Filter Include="Generated Files\Debug">
      <UniqueIdentifier>{1a6fa5be-3efc-4336-bd15-f17cd5ecf573}</UniqueIdentifier>
      <Extensions>cpp;moc</Extensions>
      <SourceControlFiles>False</SourceControlFiles>
    </Filter>
    <Filter Include="Generated Files\Release">
      <UniqueIdentifier>{cd6af301-9250-45c1-94b0-58da2a533204}</UniqueIdentifier>
      <Extensions>cpp;moc</Extensions>
      <SourceControlFiles>False</SourceControlFiles>
    </Filter>
    <Filter Include="Database">
      <UniqueIdentifier>{bd09fae9-bf69-4625-9b92-8ca1afeda2db}</UniqueIdentifier>
    </Filter>
    <Filter Include="Form Files">
      <UniqueIdentifier>{99349809-55BA-4b9d-BF79-8FDBB0286EB3}</UniqueIdentifier>
      <Extensions>ui</Extensions>
      <ParseFiles>true</ParseFiles>
    </Filter>
    <Filter Include="Resource Files">
      <UniqueIdentifier>{D9D6E242-F8AF-46E4-B9FD-80ECBC20BA3E}</UniqueIdentifier>
      <Extensions>qrc;*</Extensions>
      <ParseFiles>false</ParseFiles>
    </Filter>
    <Filter Include="Serializable">
      <UniqueIdentifier>{d11611aa-2b34-4473-8fa0-bbd265f0e0c9}</UniqueIdentifier>
    </Filter>
    <Filter Include="Source Files">
      <UniqueIdentifier>{4FC737F1-C7A5-4376-A066-2A32D752A2FF}</UniqueIdentifier>
      <Extensions>cpp;cxx;c;def</Extensions>
      <ParseFiles>true</ParseFiles>
    </Filter>
    <Filter Include="Header Files">
      <UniqueIdentifier>{93995380-89BD-4b04-88EB-625FBE52EBFB}</UniqueIdentifier>
      <Extensions>h</Extensions>
      <ParseFiles>true</ParseFiles>
    </Filter>
    <Filter Include="Network">
      <UniqueIdentifier>{3189d9b6-9229-4282-8b15-dcdc27a60af1}</UniqueIdentifier>
    </Filter>
  </ItemGroup>
  <ItemGroup>
    <ClCompile Include="GeneratedFiles\Debug\moc_Eclipse.cpp">
      <Filter>Generated Files\Debug</Filter>
    </ClCompile>
    <ClCompile Include="GeneratedFiles\Release\moc_Eclipse.cpp">
      <Filter>Generated Files\Release</Filter>
    </ClCompile>
    <ClCompile Include="GeneratedFiles\Debug\moc_Network.cpp">
      <Filter>Generated Files\Debug</Filter>
    </ClCompile>
    <ClCompile Include="GeneratedFiles\Release\moc_Network.cpp">
      <Filter>Generated Files\Release</Filter>
    </ClCompile>
    <ClCompile Include="GeneratedFiles\Debug\moc_qcustomplot.cpp">
      <Filter>Generated Files\Debug</Filter>
    </ClCompile>
    <ClCompile Include="GeneratedFiles\Release\moc_qcustomplot.cpp">
      <Filter>Generated Files\Release</Filter>
    </ClCompile>
    <ClCompile Include="GeneratedFiles\Debug\moc_VolatilityGraph.cpp">
      <Filter>Generated Files\Debug</Filter>
    </ClCompile>
    <ClCompile Include="GeneratedFiles\Release\moc_VolatilityGraph.cpp">
      <Filter>Generated Files\Release</Filter>
    </ClCompile>
    <ClCompile Include="MySQL-Eclipse.cpp">
      <Filter>Database</Filter>
    </ClCompile>
    <ClCompile Include="GeneratedFiles\qrc_Eclipse.cpp">
      <Filter>Generated Files</Filter>
    </ClCompile>
    <ClCompile Include="OptionTick.pb.cc">
      <Filter>Serializable</Filter>
    </ClCompile>
    <ClCompile Include="Eclipse.cpp">
      <Filter>Source Files</Filter>
    </ClCompile>
    <ClCompile Include="main.cpp">
      <Filter>Source Files</Filter>
    </ClCompile>
    <ClCompile Include="qcustomplot.cpp">
      <Filter>Source Files</Filter>
    </ClCompile>
    <ClCompile Include="VolatilityGraph.cpp">
      <Filter>Source Files</Filter>
    </ClCompile>
    <ClCompile Include="Network.cpp">
      <Filter>Network</Filter>
    </ClCompile>
    <ClCompile Include="GeneratedFiles\qrc_Eclipse.cpp">
      <Filter>Generated Files</Filter>
    </ClCompile>
    <ClCompile Include="OptionScanner.cpp">
      <Filter>Source Files</Filter>
    </ClCompile>
    <ClCompile Include="GeneratedFiles\Debug\moc_OptionScanner.cpp">
      <Filter>Generated Files\Debug</Filter>
    </ClCompile>
    <ClCompile Include="GeneratedFiles\Release\moc_OptionScanner.cpp">
      <Filter>Generated Files\Release</Filter>
    </ClCompile>
    <ClCompile Include="OptionScannerProxy.cpp">
      <Filter>Source Files</Filter>
    </ClCompile>
    <ClCompile Include="GeneratedFiles\Debug\moc_OptionScannerProxy.cpp">
      <Filter>Generated Files\Debug</Filter>
    </ClCompile>
    <ClCompile Include="GeneratedFiles\Release\moc_OptionScannerProxy.cpp">
      <Filter>Generated Files\Release</Filter>
    </ClCompile>
    <ClCompile Include="StockTick.pb.cc">
      <Filter>Serializable</Filter>
    </ClCompile>
    <ClCompile Include="ExpGraph.cpp">
      <Filter>Source Files</Filter>
    </ClCompile>
    <ClCompile Include="GeneratedFiles\Debug\moc_ExpGraph.cpp">
      <Filter>Generated Files\Debug</Filter>
    </ClCompile>
    <ClCompile Include="GeneratedFiles\Release\moc_ExpGraph.cpp">
      <Filter>Generated Files\Release</Filter>
    </ClCompile>
    <ClCompile Include="GeneratedFiles\Debug\moc_ExpDateProxy.cpp">
      <Filter>Generated Files\Debug</Filter>
    </ClCompile>
    <ClCompile Include="GeneratedFiles\Release\moc_ExpDateProxy.cpp">
      <Filter>Generated Files\Release</Filter>
    </ClCompile>
    <ClCompile Include="ExpDateProxy.cpp">
      <Filter>Source Files</Filter>
    </ClCompile>
    <ClCompile Include="GeneratedFiles\Debug\moc_VolatilityProxy.cpp">
      <Filter>Generated Files\Debug</Filter>
    </ClCompile>
    <ClCompile Include="GeneratedFiles\Release\moc_VolatilityProxy.cpp">
      <Filter>Generated Files\Release</Filter>
    </ClCompile>
    <ClCompile Include="VolatilityProxy.cpp">
      <Filter>Source Files</Filter>
    </ClCompile>
  </ItemGroup>
  <ItemGroup>
    <CustomBuild Include="VolatilityGraph.ui">
      <Filter>Form Files</Filter>
    </CustomBuild>
    <CustomBuild Include="Eclipse.ui">
      <Filter>Form Files</Filter>
    </CustomBuild>
    <CustomBuild Include="Eclipse.qrc">
      <Filter>Resource Files</Filter>
    </CustomBuild>
    <CustomBuild Include="Eclipse.h">
      <Filter>Header Files</Filter>
    </CustomBuild>
    <CustomBuild Include="qcustomplot.h">
      <Filter>Header Files</Filter>
    </CustomBuild>
    <CustomBuild Include="VolatilityGraph.h">
      <Filter>Header Files</Filter>
    </CustomBuild>
    <CustomBuild Include="Network.h">
      <Filter>Network</Filter>
    </CustomBuild>
    <CustomBuild Include="OptionScanner.h">
      <Filter>Header Files</Filter>
    </CustomBuild>
    <CustomBuild Include="OptionScanner.ui">
      <Filter>Form Files</Filter>
    </CustomBuild>
    <CustomBuild Include="OptionScannerProxy.h">
      <Filter>Header Files</Filter>
    </CustomBuild>
    <CustomBuild Include="ExpGraph.h">
      <Filter>Header Files</Filter>
    </CustomBuild>
    <CustomBuild Include="ExpGraph.ui">
      <Filter>Form Files</Filter>
    </CustomBuild>
    <CustomBuild Include="ExpDateProxy.h">
      <Filter>Header Files</Filter>
    </CustomBuild>
    <CustomBuild Include="VolatilityProxy.h">
      <Filter>Header Files</Filter>
    </CustomBuild>
  </ItemGroup>
  <ItemGroup>
    <ClInclude Include="MySQL-Eclipse.h">
      <Filter>Database</Filter>
    </ClInclude>
    <ClInclude Include="GeneratedFiles\ui_VolatilityGraph.h">
      <Filter>Generated Files</Filter>
    </ClInclude>
    <ClInclude Include="GeneratedFiles\ui_Eclipse.h">
      <Filter>Generated Files</Filter>
    </ClInclude>
    <ClInclude Include="OptionTick.pb.h">
      <Filter>Serializable</Filter>
    </ClInclude>
    <ClInclude Include="External.h">
      <Filter>Header Files</Filter>
    </ClInclude>
    <ClInclude Include="Filter.h">
      <Filter>Header Files</Filter>
    </ClInclude>
    <ClInclude Include="GeneratedFiles\ui_Eclipse.h">
      <Filter>Generated Files</Filter>
    </ClInclude>
    <ClInclude Include="GeneratedFiles\ui_VolatilityGraph.h">
      <Filter>Generated Files</Filter>
    </ClInclude>
    <ClInclude Include="resource.h">
      <Filter>Generated Files</Filter>
    </ClInclude>
    <ClInclude Include="GeneratedFiles\ui_OptionScanner.h">
      <Filter>Generated Files</Filter>
    </ClInclude>
    <ClInclude Include="StockTick.pb.h">
      <Filter>Serializable</Filter>
    </ClInclude>
    <ClInclude Include="OptionScannerLayout.h">
      <Filter>Header Files</Filter>
    </ClInclude>
    <ClInclude Include="GeneratedFiles\ui_ExpGraph.h">
      <Filter>Generated Files</Filter>
    </ClInclude>
  </ItemGroup>
  <ItemGroup>
    <ResourceCompile Include="Eclipse.rc" />
  </ItemGroup>
</Project>