<?xml version="1.0" encoding="utf-8"?>
<Project ToolsVersion="4.0" xmlns="http://schemas.microsoft.com/developer/msbuild/2003">
  <ItemGroup>
    <Filter Include="Source Files">
      <UniqueIdentifier>{4FC737F1-C7A5-4376-A066-2A32D752A2FF}</UniqueIdentifier>
      <Extensions>cpp;cxx;c;def</Extensions>
    </Filter>
    <Filter Include="Header Files">
      <UniqueIdentifier>{93995380-89BD-4b04-88EB-625FBE52EBFB}</UniqueIdentifier>
      <Extensions>h</Extensions>
    </Filter>
    <Filter Include="Form Files">
      <UniqueIdentifier>{99349809-55BA-4b9d-BF79-8FDBB0286EB3}</UniqueIdentifier>
      <Extensions>ui</Extensions>
    </Filter>
    <Filter Include="Resource Files">
      <UniqueIdentifier>{D9D6E242-F8AF-46E4-B9FD-80ECBC20BA3E}</UniqueIdentifier>
      <Extensions>qrc;*</Extensions>
      <ParseFiles>false</ParseFiles>
    </Filter>
    <Filter Include="Generated Files">
      <UniqueIdentifier>{71ED8ED8-ACB9-4CE9-BBE1-E00B30144E11}</UniqueIdentifier>
      <Extensions>moc;h;cpp</Extensions>
      <SourceControlFiles>False</SourceControlFiles>
    </Filter>
    <Filter Include="Generated Files\Debug">
      <UniqueIdentifier>{500aab9e-1572-46cb-9512-ccbbb6d5987c}</UniqueIdentifier>
      <Extensions>cpp;moc</Extensions>
      <SourceControlFiles>False</SourceControlFiles>
    </Filter>
    <Filter Include="Generated Files\Release">
      <UniqueIdentifier>{f1c701d2-4422-4e69-af41-61cfbcad69ac}</UniqueIdentifier>
      <Extensions>cpp;moc</Extensions>
      <SourceControlFiles>False</SourceControlFiles>
    </Filter>
    <Filter Include="Network">
      <UniqueIdentifier>{a3397bb1-0e91-40d5-8667-8b0f234502e7}</UniqueIdentifier>
    </Filter>
    <Filter Include="Database">
      <UniqueIdentifier>{1aeeed4c-980d-4255-af1a-6ce4a4f441a3}</UniqueIdentifier>
    </Filter>
    <Filter Include="Serializable">
      <UniqueIdentifier>{c20d8b5e-1f65-461a-9789-84a9b7eb5003}</UniqueIdentifier>
    </Filter>
    <Filter Include="Calculations">
      <UniqueIdentifier>{5ac3aaf1-5acd-4545-838a-96ea5e960337}</UniqueIdentifier>
    </Filter>
    <Filter Include="RealTick">
      <UniqueIdentifier>{52f5df66-775b-4074-bf88-0b39f70cc3f2}</UniqueIdentifier>
    </Filter>
  </ItemGroup>
  <ItemGroup>
    <ClCompile Include="Wopr.cpp">
      <Filter>Source Files</Filter>
    </ClCompile>
    <ClCompile Include="GeneratedFiles\Debug\moc_Wopr.cpp">
      <Filter>Generated Files\Debug</Filter>
    </ClCompile>
    <ClCompile Include="GeneratedFiles\Release\moc_Wopr.cpp">
      <Filter>Generated Files\Release</Filter>
    </ClCompile>
    <ClCompile Include="GeneratedFiles\qrc_Wopr.cpp">
      <Filter>Generated Files</Filter>
    </ClCompile>
    <ClCompile Include="QueSilo.cpp">
      <Filter>Source Files</Filter>
    </ClCompile>
    <ClCompile Include="main.cpp">
      <Filter>Source Files</Filter>
    </ClCompile>
    <ClCompile Include="UpdateFeeds.cpp">
      <Filter>Source Files</Filter>
    </ClCompile>
    <ClCompile Include="GeneratedFiles\Debug\moc_UpdateFeeds.cpp">
      <Filter>Generated Files\Debug</Filter>
    </ClCompile>
    <ClCompile Include="GeneratedFiles\Release\moc_UpdateFeeds.cpp">
      <Filter>Generated Files\Release</Filter>
    </ClCompile>
    <ClCompile Include="OptionFeeds.cpp">
      <Filter>Source Files</Filter>
    </ClCompile>
    <ClCompile Include="GeneratedFiles\Debug\moc_OptionFeeds.cpp">
      <Filter>Generated Files\Debug</Filter>
    </ClCompile>
    <ClCompile Include="GeneratedFiles\Release\moc_OptionFeeds.cpp">
      <Filter>Generated Files\Release</Filter>
    </ClCompile>
    <ClCompile Include="Network.cpp">
      <Filter>Network</Filter>
    </ClCompile>
    <ClCompile Include="GeneratedFiles\Debug\moc_Network.cpp">
      <Filter>Generated Files\Debug</Filter>
    </ClCompile>
    <ClCompile Include="GeneratedFiles\Release\moc_Network.cpp">
      <Filter>Generated Files\Release</Filter>
    </ClCompile>
    <ClCompile Include="TDisplay.cpp">
      <Filter>Source Files</Filter>
    </ClCompile>
    <ClCompile Include="GeneratedFiles\Debug\moc_TDisplay.cpp">
      <Filter>Generated Files\Debug</Filter>
    </ClCompile>
    <ClCompile Include="GeneratedFiles\Release\moc_TDisplay.cpp">
      <Filter>Generated Files\Release</Filter>
    </ClCompile>
    <ClCompile Include="GeneratedFiles\Debug\moc_QueSilo.cpp">
      <Filter>Generated Files\Debug</Filter>
    </ClCompile>
    <ClCompile Include="GeneratedFiles\Release\moc_QueSilo.cpp">
      <Filter>Generated Files\Release</Filter>
    </ClCompile>
    <ClCompile Include="MySQL-WOPR.cpp">
      <Filter>Database</Filter>
    </ClCompile>
    <ClCompile Include="FeedConnector.cpp">
      <Filter>Source Files</Filter>
    </ClCompile>
    <ClCompile Include="GeneratedFiles\Debug\moc_FeedConnector.cpp">
      <Filter>Generated Files\Debug</Filter>
    </ClCompile>
    <ClCompile Include="GeneratedFiles\Release\moc_FeedConnector.cpp">
      <Filter>Generated Files\Release</Filter>
    </ClCompile>
    <ClCompile Include="tick.pb.cc">
      <Filter>Serializable</Filter>
    </ClCompile>
    <ClCompile Include="OptionTick.pb.cc">
      <Filter>Serializable</Filter>
    </ClCompile>
    <ClCompile Include="FeedProcessor.cpp">
      <Filter>Source Files</Filter>
    </ClCompile>
    <ClCompile Include="GeneratedFiles\Debug\moc_FeedProcessor.cpp">
      <Filter>Generated Files\Debug</Filter>
    </ClCompile>
    <ClCompile Include="GeneratedFiles\Release\moc_FeedProcessor.cpp">
      <Filter>Generated Files\Release</Filter>
    </ClCompile>
    <ClCompile Include="GeneratedFiles\Debug\moc_OptionIndicator.cpp">
      <Filter>Generated Files\Debug</Filter>
    </ClCompile>
    <ClCompile Include="GeneratedFiles\Release\moc_OptionIndicator.cpp">
      <Filter>Generated Files\Release</Filter>
    </ClCompile>
    <ClCompile Include="OptionIndicator.cpp">
      <Filter>Source Files</Filter>
    </ClCompile>
    <ClCompile Include="TickStorage.cpp">
      <Filter>Source Files</Filter>
    </ClCompile>
    <ClCompile Include="StockTick.pb.cc">
      <Filter>Serializable</Filter>
    </ClCompile>
    <ClCompile Include="OptionProperties.cpp">
      <Filter>Source Files</Filter>
    </ClCompile>
    <ClCompile Include="AddOptionSymbol.cpp">
      <Filter>Source Files</Filter>
    </ClCompile>
    <ClCompile Include="GeneratedFiles\Debug\moc_AddOptionSymbol.cpp">
      <Filter>Generated Files\Debug</Filter>
    </ClCompile>
    <ClCompile Include="GeneratedFiles\Release\moc_AddOptionSymbol.cpp">
      <Filter>Generated Files\Release</Filter>
    </ClCompile>
    <ClCompile Include="GeneratedFiles\Debug\moc_FeedConnector_RealTick.cpp">
      <Filter>Generated Files\Debug</Filter>
    </ClCompile>
    <ClCompile Include="GeneratedFiles\Release\moc_FeedConnector_RealTick.cpp">
      <Filter>Generated Files\Release</Filter>
    </ClCompile>
    <ClCompile Include="ApiRecords.cpp">
      <Filter>RealTick</Filter>
    </ClCompile>
    <ClCompile Include="ExampleHelpers.cpp">
      <Filter>RealTick</Filter>
    </ClCompile>
    <ClCompile Include="MarketMakersBook.cpp">
      <Filter>RealTick</Filter>
    </ClCompile>
    <ClCompile Include="Prompter.cpp">
      <Filter>RealTick</Filter>
    </ClCompile>
    <ClCompile Include="FeedConnector_RealTick.cpp">
      <Filter>RealTick</Filter>
    </ClCompile>
  </ItemGroup>
  <ItemGroup>
    <CustomBuild Include="Wopr.h">
      <Filter>Header Files</Filter>
    </CustomBuild>
    <CustomBuild Include="Wopr.ui">
      <Filter>Form Files</Filter>
    </CustomBuild>
    <CustomBuild Include="Wopr.qrc">
      <Filter>Resource Files</Filter>
    </CustomBuild>
    <CustomBuild Include="UpdateFeeds.h">
      <Filter>Header Files</Filter>
    </CustomBuild>
    <CustomBuild Include="UpdateFeeds.ui">
      <Filter>Form Files</Filter>
    </CustomBuild>
    <CustomBuild Include="OptionFeeds.h">
      <Filter>Header Files</Filter>
    </CustomBuild>
    <CustomBuild Include="OptionFeeds.ui">
      <Filter>Form Files</Filter>
    </CustomBuild>
    <CustomBuild Include="Network.h">
      <Filter>Network</Filter>
    </CustomBuild>
    <CustomBuild Include="TDisplay.h">
      <Filter>Header Files</Filter>
    </CustomBuild>
    <CustomBuild Include="TDisplay.ui">
      <Filter>Form Files</Filter>
    </CustomBuild>
    <CustomBuild Include="QueSilo.h">
      <Filter>Header Files</Filter>
    </CustomBuild>
    <CustomBuild Include="FeedConnector.h">
      <Filter>Header Files</Filter>
    </CustomBuild>
    <CustomBuild Include="FeedProcessor.h">
      <Filter>Header Files</Filter>
    </CustomBuild>
    <CustomBuild Include="OptionIndicator.h">
      <Filter>Header Files</Filter>
    </CustomBuild>
    <CustomBuild Include="TickStorage.h">
      <Filter>Header Files</Filter>
    </CustomBuild>
    <CustomBuild Include="AddOptionSymbol.h">
      <Filter>Header Files</Filter>
    </CustomBuild>
    <CustomBuild Include="AddOptionSymbol.ui">
      <Filter>Form Files</Filter>
    </CustomBuild>
    <CustomBuild Include="FeedConnector_RealTick.h">
      <Filter>RealTick</Filter>
    </CustomBuild>
  </ItemGroup>
  <ItemGroup>
    <ClInclude Include="GeneratedFiles\ui_Wopr.h">
      <Filter>Generated Files</Filter>
    </ClInclude>
    <ClInclude Include="External.h">
      <Filter>Header Files</Filter>
    </ClInclude>
    <ClInclude Include="GeneratedFiles\ui_UpdateFeeds.h">
      <Filter>Generated Files</Filter>
    </ClInclude>
    <ClInclude Include="GeneratedFiles\ui_OptionFeeds.h">
      <Filter>Generated Files</Filter>
    </ClInclude>
    <ClInclude Include="resource.h">
      <Filter>Header Files</Filter>
    </ClInclude>
    <ClInclude Include="GeneratedFiles\ui_TDisplay.h">
      <Filter>Generated Files</Filter>
    </ClInclude>
    <ClInclude Include="MySQL-WOPR.h">
      <Filter>Database</Filter>
    </ClInclude>
    <ClInclude Include="tick.pb.h">
      <Filter>Serializable</Filter>
    </ClInclude>
    <ClInclude Include="OptionTick.pb.h">
      <Filter>Serializable</Filter>
    </ClInclude>
    <ClInclude Include="blackScholes.H">
      <Filter>Calculations</Filter>
    </ClInclude>
    <ClInclude Include="ImpliedVol.H">
      <Filter>Calculations</Filter>
    </ClInclude>
    <ClInclude Include="util.H">
      <Filter>Calculations</Filter>
    </ClInclude>
    <ClInclude Include="LastVolatility.h">
      <Filter>Header Files</Filter>
    </ClInclude>
    <ClInclude Include="StockTick.pb.h">
      <Filter>Serializable</Filter>
    </ClInclude>
    <ClInclude Include="OptionProperties.h">
      <Filter>Header Files</Filter>
    </ClInclude>
    <ClInclude Include="GeneratedFiles\ui_AddOptionSymbol.h">
      <Filter>Generated Files</Filter>
    </ClInclude>
    <ClInclude Include="ApiRecords.h">
      <Filter>RealTick</Filter>
    </ClInclude>
    <ClInclude Include="ExampleHelpers.h">
      <Filter>RealTick</Filter>
    </ClInclude>
    <ClInclude Include="MarketMakersBook.h">
      <Filter>RealTick</Filter>
    </ClInclude>
    <ClInclude Include="Prompter.h">
      <Filter>RealTick</Filter>
    </ClInclude>
  </ItemGroup>
  <ItemGroup>
    <ResourceCompile Include="WOPR.rc" />
  </ItemGroup>
  <ItemGroup>
    <None Include="tick.proto">
      <Filter>Serializable</Filter>
    </None>
    <None Include="OptionTick.proto">
      <Filter>Serializable</Filter>
    </None>
    <None Include="StockTick.proto">
      <Filter>Serializable</Filter>
    </None>
  </ItemGroup>
</Project>