<?xml version="1.0" encoding="utf-8"?>
<Project ToolsVersion="4.0" xmlns="http://schemas.microsoft.com/developer/msbuild/2003">
  <ItemGroup>
    <Filter Include="Source Files">
      <UniqueIdentifier>{4FC737F1-C7A5-4376-A066-2A32D752A2FF}</UniqueIdentifier>
      <Extensions>cpp;cxx;c;def</Extensions>
    </Filter>
    <Filter Include="Header Files">
      <UniqueIdentifier>{93995380-89BD-4b04-88EB-625FBE52EBFB}</UniqueIdentifier>
      <Extensions>h</Extensions>
    </Filter>
    <Filter Include="Form Files">
      <UniqueIdentifier>{99349809-55BA-4b9d-BF79-8FDBB0286EB3}</UniqueIdentifier>
      <Extensions>ui</Extensions>
    </Filter>
    <Filter Include="Resource Files">
      <UniqueIdentifier>{D9D6E242-F8AF-46E4-B9FD-80ECBC20BA3E}</UniqueIdentifier>
      <Extensions>qrc;*</Extensions>
      <ParseFiles>false</ParseFiles>
    </Filter>
    <Filter Include="Generated Files">
      <UniqueIdentifier>{71ED8ED8-ACB9-4CE9-BBE1-E00B30144E11}</UniqueIdentifier>
      <Extensions>moc;h;cpp</Extensions>
      <SourceControlFiles>False</SourceControlFiles>
    </Filter>
    <Filter Include="Generated Files\Debug">
      <UniqueIdentifier>{9b348c80-cfab-4ece-a429-70ea2e3cd0b1}</UniqueIdentifier>
      <Extensions>cpp;moc</Extensions>
      <SourceControlFiles>False</SourceControlFiles>
    </Filter>
    <Filter Include="Generated Files\Release">
      <UniqueIdentifier>{3cf7a41a-2ee9-4272-bcaa-8bdc1cd452fc}</UniqueIdentifier>
      <Extensions>cpp;moc</Extensions>
      <SourceControlFiles>False</SourceControlFiles>
    </Filter>
    <Filter Include="Database">
      <UniqueIdentifier>{d2ce164f-f0cd-4e13-abb7-c473ee471341}</UniqueIdentifier>
    </Filter>
    <Filter Include="Network">
      <UniqueIdentifier>{ed657f59-852b-4e08-9b4b-4a67950f1219}</UniqueIdentifier>
    </Filter>
    <Filter Include="Serializable">
      <UniqueIdentifier>{08ec195a-fac7-45b3-8a03-b4a230de71c2}</UniqueIdentifier>
    </Filter>
    <Filter Include="RecordTracker">
      <UniqueIdentifier>{592d17a8-d3c7-47ec-8663-8859ceb5eedc}</UniqueIdentifier>
    </Filter>
    <Filter Include="Expression">
      <UniqueIdentifier>{16e8a25a-a315-4c1b-8ba5-1628b98b1fb7}</UniqueIdentifier>
    </Filter>
    <Filter Include="Algos">
      <UniqueIdentifier>{5159b372-991b-4e66-aee2-083e967b5060}</UniqueIdentifier>
    </Filter>
  </ItemGroup>
  <ItemGroup>
    <ClCompile Include="main.cpp">
      <Filter>Source Files</Filter>
    </ClCompile>
    <ClCompile Include="omega.cpp">
      <Filter>Source Files</Filter>
    </ClCompile>
    <ClCompile Include="GeneratedFiles\Debug\moc_omega.cpp">
      <Filter>Generated Files\Debug</Filter>
    </ClCompile>
    <ClCompile Include="GeneratedFiles\Release\moc_omega.cpp">
      <Filter>Generated Files\Release</Filter>
    </ClCompile>
    <ClCompile Include="GeneratedFiles\qrc_omega.cpp">
      <Filter>Generated Files</Filter>
    </ClCompile>
    <ClCompile Include="SymbolLoad.cpp">
      <Filter>Source Files</Filter>
    </ClCompile>
    <ClCompile Include="GeneratedFiles\Debug\moc_SymbolLoad.cpp">
      <Filter>Generated Files\Debug</Filter>
    </ClCompile>
    <ClCompile Include="GeneratedFiles\Release\moc_SymbolLoad.cpp">
      <Filter>Generated Files\Release</Filter>
    </ClCompile>
    <ClCompile Include="MySQL-OMEGA.cpp">
      <Filter>Database</Filter>
    </ClCompile>
    <ClCompile Include="Network.cpp">
      <Filter>Network</Filter>
    </ClCompile>
    <ClCompile Include="GeneratedFiles\Debug\moc_Network.cpp">
      <Filter>Generated Files\Debug</Filter>
    </ClCompile>
    <ClCompile Include="GeneratedFiles\Release\moc_Network.cpp">
      <Filter>Generated Files\Release</Filter>
    </ClCompile>
    <ClCompile Include="OptionTick.pb.cc">
      <Filter>Serializable</Filter>
    </ClCompile>
    <ClCompile Include="RecordTracker.cpp">
      <Filter>RecordTracker</Filter>
    </ClCompile>
    <ClCompile Include="RTypes.pb.cc">
      <Filter>Serializable</Filter>
    </ClCompile>
    <ClCompile Include="Filter.cpp">
      <Filter>Source Files</Filter>
    </ClCompile>
    <ClCompile Include="Utility.cpp">
      <Filter>Source Files</Filter>
    </ClCompile>
    <ClCompile Include="GeneratedFiles\Debug\moc_TimedMessage.cpp">
      <Filter>Generated Files\Debug</Filter>
    </ClCompile>
    <ClCompile Include="GeneratedFiles\Release\moc_TimedMessage.cpp">
      <Filter>Generated Files\Release</Filter>
    </ClCompile>
    <ClCompile Include="OptionQuoter.cpp">
      <Filter>Source Files</Filter>
    </ClCompile>
    <ClCompile Include="GeneratedFiles\Debug\moc_OptionQuoter.cpp">
      <Filter>Generated Files\Debug</Filter>
    </ClCompile>
    <ClCompile Include="GeneratedFiles\Release\moc_OptionQuoter.cpp">
      <Filter>Generated Files\Release</Filter>
    </ClCompile>
  </ItemGroup>
  <ItemGroup>
    <CustomBuild Include="omega.h">
      <Filter>Header Files</Filter>
    </CustomBuild>
    <CustomBuild Include="omega.ui">
      <Filter>Form Files</Filter>
    </CustomBuild>
    <CustomBuild Include="omega.qrc">
      <Filter>Resource Files</Filter>
    </CustomBuild>
    <CustomBuild Include="SymbolLoad.h">
      <Filter>Header Files</Filter>
    </CustomBuild>
    <CustomBuild Include="SymbolLoad.ui">
      <Filter>Form Files</Filter>
    </CustomBuild>
    <CustomBuild Include="Network.h">
      <Filter>Network</Filter>
    </CustomBuild>
    <CustomBuild Include="RecordTracker.h">
      <Filter>RecordTracker</Filter>
    </CustomBuild>
    <CustomBuild Include="TimedMessage.h">
      <Filter>Header Files</Filter>
    </CustomBuild>
    <CustomBuild Include="OptionQuoter.h">
      <Filter>Header Files</Filter>
    </CustomBuild>
    <CustomBuild Include="OptionQuoter.ui">
      <Filter>Form Files</Filter>
    </CustomBuild>
  </ItemGroup>
  <ItemGroup>
    <ClInclude Include="GeneratedFiles\ui_omega.h">
      <Filter>Generated Files</Filter>
    </ClInclude>
    <ClInclude Include="GeneratedFiles\ui_SymbolLoad.h">
      <Filter>Generated Files</Filter>
    </ClInclude>
    <ClInclude Include="MySQL-OMEGA.h">
      <Filter>Database</Filter>
    </ClInclude>
    <ClInclude Include="OptionTick.pb.h">
      <Filter>Serializable</Filter>
    </ClInclude>
    <ClInclude Include="External.h">
      <Filter>Header Files</Filter>
    </ClInclude>
    <ClInclude Include="RTypes.pb.h">
      <Filter>Serializable</Filter>
    </ClInclude>
    <ClInclude Include="Filter.h">
      <Filter>Header Files</Filter>
    </ClInclude>
    <ClInclude Include="Utility.h">
      <Filter>Header Files</Filter>
    </ClInclude>
    <ClInclude Include="DoubleCompare.h">
      <Filter>Header Files</Filter>
    </ClInclude>
    <ClInclude Include="GeneratedFiles\ui_OptionQuoter.h">
      <Filter>Generated Files</Filter>
    </ClInclude>
    <ClInclude Include="exprtk.hpp">
      <Filter>Expression</Filter>
    </ClInclude>
    <ClInclude Include="SPX_Algo1_Neutral.h">
      <Filter>Algos</Filter>
    </ClInclude>
  </ItemGroup>
  <ItemGroup>
    <ResourceCompile Include="OMEGA.rc" />
  </ItemGroup>
  <ItemGroup>
    <None Include="RTypes.proto">
      <Filter>Serializable</Filter>
    </None>
  </ItemGroup>
</Project>